{
  "object": {
    "pins": [
      {
        "package": "Gloss",
        "repositoryURL": "https://github.com/hkellaway/Gloss.git",
        "state": {
          "branch": null,
          "revision": "efd25964891ae8a9cfbe2345628ad02fcb9a105c",
          "version": "3.2.1"
        }
      }
    ]
  },
  "version": 1
}
